
Microsoft Visual Studio Solution File, Format Version 12.00
# Visual Studio 15
VisualStudioVersion = 15.0.27428.2002
MinimumVisualStudioVersion = 10.0.40219.1
Project("{9A19103F-16F7-4668-BE54-9A1E7A4F7556}") = "OaiPmhNet", "OaiPmhNet\OaiPmhNet.csproj", "{042D857E-C8D3-404A-A92D-38DB4A0891DC}"
EndProject
Project("{FAE04EC0-301F-11D3-BF4B-00C04F79EFBC}") = "OaiPmhNet.Test", "OaiPmhNet.Test\OaiPmhNet.Test.csproj", "{948B1373-E298-4457-A12C-A378387FC6B0}"
EndProject
Global
	GlobalSection(SolutionConfigurationPlatforms) = preSolution
		Debug|Any CPU = Debug|Any CPU
		Release|Any CPU = Release|Any CPU
	EndGlobalSection
	GlobalSection(ProjectConfigurationPlatforms) = postSolution
		{042D857E-C8D3-404A-A92D-38DB4A0891DC}.Debug|Any CPU.ActiveCfg = Debug|Any CPU
		{042D857E-C8D3-404A-A92D-38DB4A0891DC}.Debug|Any CPU.Build.0 = Debug|Any CPU
		{042D857E-C8D3-404A-A92D-38DB4A0891DC}.Release|Any CPU.ActiveCfg = Release|Any CPU
		{042D857E-C8D3-404A-A92D-38DB4A0891DC}.Release|Any CPU.Build.0 = Release|Any CPU
		{948B1373-E298-4457-A12C-A378387FC6B0}.Debug|Any CPU.ActiveCfg = Debug|Any CPU
		{948B1373-E298-4457-A12C-A378387FC6B0}.Debug|Any CPU.Build.0 = Debug|Any CPU
		{948B1373-E298-4457-A12C-A378387FC6B0}.Release|Any CPU.ActiveCfg = Release|Any CPU
		{948B1373-E298-4457-A12C-A378387FC6B0}.Release|Any CPU.Build.0 = Release|Any CPU
	EndGlobalSection
	GlobalSection(SolutionProperties) = preSolution
		HideSolutionNode = FALSE
	EndGlobalSection
	GlobalSection(ExtensibilityGlobals) = postSolution
		SolutionGuid = {224FF9C0-4C38-4C94-A3E7-AEFB0F74C44D}
	EndGlobalSection
EndGlobal
